
Microsoft Visual Studio Solution File, Format Version 11.00
# Visual Studio 2010
Project("{FAE04EC0-301F-11D3-BF4B-00C04F79EFBC}") = "Assembly-CSharp-firstpass", "Assembly-CSharp-firstpass.csproj", "{52e7a5aa-c195-2049-f02f-90a6f0f68db1}"
EndProject
Project("{FAE04EC0-301F-11D3-BF4B-00C04F79EFBC}") = "Assembly-CSharp", "Assembly-CSharp.csproj", "{e0ceeb47-991a-a36d-503b-4846f2a5f0ef}"
EndProject
Global
	GlobalSection(SolutionConfigurationPlatforms) = preSolution
		Debug|Any CPU = Debug|Any CPU
	EndGlobalSection
	GlobalSection(ProjectConfigurationPlatforms) = postSolution
		{52e7a5aa-c195-2049-f02f-90a6f0f68db1}.Debug|Any CPU.ActiveCfg = Debug|Any CPU
		{52e7a5aa-c195-2049-f02f-90a6f0f68db1}.Debug|Any CPU.Build.0 = Debug|Any CPU
		{e0ceeb47-991a-a36d-503b-4846f2a5f0ef}.Debug|Any CPU.ActiveCfg = Debug|Any CPU
		{e0ceeb47-991a-a36d-503b-4846f2a5f0ef}.Debug|Any CPU.Build.0 = Debug|Any CPU
	EndGlobalSection
	GlobalSection(SolutionProperties) = preSolution
		HideSolutionNode = FALSE
	EndGlobalSection
EndGlobal
